{
    "_readme": [
        "This file locks the dependencies of your project to a known state",
        "Read more about it at https://getcomposer.org/doc/01-basic-usage.md#composer-lock-the-lock-file",
        "This file is @generated automatically"
    ],
    "content-hash": "41bb59c1acbf896da68e550147946897",
    "packages": [
        {
            "name": "atofighi/phpquery",
            "version": "2.0.1",
            "source": {
                "type": "git",
                "url": "https://github.com/ATofighi/phpQuery.git",
                "reference": "6b8c77ce7d7d1bdc8ed2381b273f22ae87233b54"
            },
            "dist": {
                "type": "zip",
                "url": "https://api.github.com/repos/ATofighi/phpQuery/zipball/6b8c77ce7d7d1bdc8ed2381b273f22ae87233b54",
                "reference": "6b8c77ce7d7d1bdc8ed2381b273f22ae87233b54",
                "shasum": ""
            },
            "type": "library",
            "autoload": {
                "classmap": [
                    "phpQuery/"
                ]
            },
            "notification-url": "https://packagist.org/downloads/",
            "license": [
                "MIT"
            ],
            "authors": [
                {
                    "name": "Tobiasz Cudnik",
                    "email": "tobiasz.cudnik@gmail.com",
                    "homepage": "https://github.com/TobiaszCudnik",
                    "role": "Developer"
                },
                {
                    "name": "didier Belot",
                    "role": "Packager"
                },
                {
                    "name": "AliReza Tofighi",
                    "role": "Developer"
                }
            ],
            "description": "phpQuery is a server-side, chainable, CSS3 selector driven Document Object Model (DOM) API based on jQuery JavaScript Library",
            "homepage": "https://github.com/ATofighi/phpQuery/",
            "time": "2015-11-10T17:41:36+00:00"
        },
        {
            "name": "sabberworm/php-css-parser",
            "version": "dev-master",
            "source": {
                "type": "git",
                "url": "https://github.com/sabberworm/PHP-CSS-Parser.git",
                "reference": "2ddbdefcf174ed3245c1ff2eec768d1a7c74413e"
            },
            "dist": {
                "type": "zip",
                "url": "https://api.github.com/repos/sabberworm/PHP-CSS-Parser/zipball/2ddbdefcf174ed3245c1ff2eec768d1a7c74413e",
                "reference": "2ddbdefcf174ed3245c1ff2eec768d1a7c74413e",
                "shasum": ""
            },
            "require": {
                "php": ">=5.3.2"
            },
            "require-dev": {
                "phpunit/phpunit": "*"
            },
            "type": "library",
            "autoload": {
                "psr-0": {
                    "Sabberworm\\CSS": "lib/"
                }
            },
            "notification-url": "https://packagist.org/downloads/",
            "license": [
                "MIT"
            ],
            "authors": [
                {
                    "name": "Raphael Schweikert"
                }
            ],
            "description": "Parser for CSS Files written in PHP",
            "homepage": "http://www.sabberworm.com/blog/2010/6/10/php-css-parser",
            "keywords": [
                "css",
                "parser",
                "stylesheet"
            ],
            "time": "2016-07-20T08:58:35+00:00"
        }
    ],
    "packages-dev": [],
    "aliases": [],
    "minimum-stability": "stable",
    "stability-flags": {
        "sabberworm/php-css-parser": 20
    },
    "prefer-stable": false,
    "prefer-lowest": false,
    "platform": [],
    "platform-dev": []
}
